
Microsoft Visual Studio Solution File, Format Version 12.00
# Visual Studio 14
VisualStudioVersion = 14.0.25420.1
MinimumVisualStudioVersion = 10.0.40219.1
Project("{FAE04EC0-301F-11D3-BF4B-00C04F79EFBC}") = "WorksoftConfigSystem", "WorksoftConfigSystem\WorksoftConfigSystem.csproj", "{10E4F94B-5FC9-43DD-B720-AB0548896C71}"
EndProject
Project("{FAE04EC0-301F-11D3-BF4B-00C04F79EFBC}") = "WorksoftConfigSystem.Tests", "WorksoftConfigSystem.Tests\WorksoftConfigSystem.Tests.csproj", "{7221B500-9C84-43A2-B0F4-07AA5BC49CA5}"
EndProject
Global
	GlobalSection(SolutionConfigurationPlatforms) = preSolution
		Debug|Any CPU = Debug|Any CPU
		Release|Any CPU = Release|Any CPU
	EndGlobalSection
	GlobalSection(ProjectConfigurationPlatforms) = postSolution
		{10E4F94B-5FC9-43DD-B720-AB0548896C71}.Debug|Any CPU.ActiveCfg = Debug|Any CPU
		{10E4F94B-5FC9-43DD-B720-AB0548896C71}.Debug|Any CPU.Build.0 = Debug|Any CPU
		{10E4F94B-5FC9-43DD-B720-AB0548896C71}.Release|Any CPU.ActiveCfg = Release|Any CPU
		{10E4F94B-5FC9-43DD-B720-AB0548896C71}.Release|Any CPU.Build.0 = Release|Any CPU
		{7221B500-9C84-43A2-B0F4-07AA5BC49CA5}.Debug|Any CPU.ActiveCfg = Debug|Any CPU
		{7221B500-9C84-43A2-B0F4-07AA5BC49CA5}.Debug|Any CPU.Build.0 = Debug|Any CPU
		{7221B500-9C84-43A2-B0F4-07AA5BC49CA5}.Release|Any CPU.ActiveCfg = Release|Any CPU
		{7221B500-9C84-43A2-B0F4-07AA5BC49CA5}.Release|Any CPU.Build.0 = Release|Any CPU
	EndGlobalSection
	GlobalSection(SolutionProperties) = preSolution
		HideSolutionNode = FALSE
	EndGlobalSection
	GlobalSection(TeamFoundationVersionControl) = preSolution
		SccNumberOfProjects = 3
		SccEnterpriseProvider = {4CA58AB2-18FA-4F8D-95D4-32DDF27D184C}
		SccTeamFoundationServer = https://ninjaola.visualstudio.com/
		SccLocalPath0 = .
		SccProjectUniqueName1 = WorksoftConfigSystem.Tests\\WorksoftConfigSystem.Tests.csproj
		SccProjectName1 = WorksoftConfigSystem.Tests
		SccLocalPath1 = WorksoftConfigSystem.Tests
		SccProjectUniqueName2 = WorksoftConfigSystem\\WorksoftConfigSystem.csproj
		SccProjectName2 = WorksoftConfigSystem
		SccLocalPath2 = WorksoftConfigSystem
	EndGlobalSection
EndGlobal
